# This file should be automatically generated using:
# pip freeze > requirements.lock
# after installing all dependencies from requirements.txt

# Core dependencies
fastapi==0.115.12
uvicorn==0.34.3
pydantic==2.11.5
pydantic-settings==2.9.1
python-dotenv==1.1.0
sqlalchemy==2.0.41
alembic==1.16.1

# API functionality
requests==2.32.4
httpx==0.28.1

# Testing
pytest==7.3.1
pytest-asyncio==0.21.0

# Development tools
black==23.3.0
isort==5.12.0
flake8==6.0.0
mypy==1.2.0

# Documentation
mkdocs==1.4.2
mkdocs-material==9.1.5
